
Microsoft Visual Studio Solution File, Format Version 11.00
# Visual Studio 2010
Project("{FAE04EC0-301F-11D3-BF4B-00C04F79EFBC}") = "Sales", "Sales.csproj", "{9579AB8C-63F9-4DD1-8D7D-C3A591CE0099}"
EndProject
Project("{FAE04EC0-301F-11D3-BF4B-00C04F79EFBC}") = "SevenArmsSeries.Repositories", "..\SevenArmsSeries.Repositories\SevenArmsSeries.Repositories.csproj", "{314DE467-1499-4DFE-919B-FECA384B83E8}"
EndProject
Project("{FAE04EC0-301F-11D3-BF4B-00C04F79EFBC}") = "SevenArmsSeries.Repositories.RDBMS", "..\SevenArmsSeries.Repositories.RDBMS\SevenArmsSeries.Repositories.RDBMS.csproj", "{CE8A1AED-5295-41CC-B1D8-89866FB146FD}"
EndProject
Global
	GlobalSection(SolutionConfigurationPlatforms) = preSolution
		Debug|Any CPU = Debug|Any CPU
		Release|Any CPU = Release|Any CPU
	EndGlobalSection
	GlobalSection(ProjectConfigurationPlatforms) = postSolution
		{9579AB8C-63F9-4DD1-8D7D-C3A591CE0099}.Debug|Any CPU.ActiveCfg = Debug|Any CPU
		{9579AB8C-63F9-4DD1-8D7D-C3A591CE0099}.Debug|Any CPU.Build.0 = Debug|Any CPU
		{9579AB8C-63F9-4DD1-8D7D-C3A591CE0099}.Release|Any CPU.ActiveCfg = Release|Any CPU
		{9579AB8C-63F9-4DD1-8D7D-C3A591CE0099}.Release|Any CPU.Build.0 = Release|Any CPU
		{314DE467-1499-4DFE-919B-FECA384B83E8}.Debug|Any CPU.ActiveCfg = Debug|Any CPU
		{314DE467-1499-4DFE-919B-FECA384B83E8}.Debug|Any CPU.Build.0 = Debug|Any CPU
		{314DE467-1499-4DFE-919B-FECA384B83E8}.Release|Any CPU.ActiveCfg = Release|Any CPU
		{314DE467-1499-4DFE-919B-FECA384B83E8}.Release|Any CPU.Build.0 = Release|Any CPU
		{CE8A1AED-5295-41CC-B1D8-89866FB146FD}.Debug|Any CPU.ActiveCfg = Debug|Any CPU
		{CE8A1AED-5295-41CC-B1D8-89866FB146FD}.Debug|Any CPU.Build.0 = Debug|Any CPU
		{CE8A1AED-5295-41CC-B1D8-89866FB146FD}.Release|Any CPU.ActiveCfg = Release|Any CPU
		{CE8A1AED-5295-41CC-B1D8-89866FB146FD}.Release|Any CPU.Build.0 = Release|Any CPU
	EndGlobalSection
	GlobalSection(SolutionProperties) = preSolution
		HideSolutionNode = FALSE
	EndGlobalSection
EndGlobal
